
Microsoft Visual Studio Solution File, Format Version 12.00
# Visual Studio Version 17
VisualStudioVersion = 17.0.31903.59
MinimumVisualStudioVersion = 10.0.40219.1
Project("{2150E333-8FDC-42A3-9474-1A3956D46DE8}") = "src", "src", "{1B1DDC02-4AA7-4D6C-9A75-EA407B7C908A}"
EndProject
Project("{2150E333-8FDC-42A3-9474-1A3956D46DE8}") = "tests", "tests", "{DDCC285D-C7D2-4CF2-A744-5C36338A7871}"
EndProject
Project("{FAE04EC0-301F-11D3-BF4B-00C04F79EFBC}") = "PubSub.Common.UnitTests", "tests\PubSub.Common.UnitTests\PubSub.Common.UnitTests.csproj", "{3D442186-010F-4FE9-AABA-5A2B293BF487}"
EndProject
Project("{2150E333-8FDC-42A3-9474-1A3956D46DE8}") = "samples", "samples", "{2E01A98B-DEC7-47DF-9515-C81BC123326D}"
EndProject
Project("{FAE04EC0-301F-11D3-BF4B-00C04F79EFBC}") = "Samples.Subscriber", "samples\Samples.Subscriber\Samples.Subscriber.csproj", "{D44E7A09-ACC4-47C5-A491-EFBFA4E111FA}"
EndProject
Project("{2150E333-8FDC-42A3-9474-1A3956D46DE8}") = ".docker", ".docker", "{DE86CB36-C190-4DBB-B78C-BFC2733D0133}"
EndProject
Project("{2150E333-8FDC-42A3-9474-1A3956D46DE8}") = ".infra", ".infra", "{4B355AE4-D683-4D62-B138-CE31DA5AF099}"
	ProjectSection(SolutionItems) = preProject
		infra\docker-compose.yml = infra\docker-compose.yml
	EndProjectSection
EndProject
Project("{FAE04EC0-301F-11D3-BF4B-00C04F79EFBC}") = "Samples.Messages", "samples\Samples.Messages\Samples.Messages.csproj", "{4F60B4C1-8A2F-4E9E-82A1-3ABDC06AA1AC}"
EndProject
Project("{FAE04EC0-301F-11D3-BF4B-00C04F79EFBC}") = "PubSub.Publish", "src\PubSub.Publish\PubSub.Publish.csproj", "{5E672BB5-0353-491F-B39A-08AD5CE91F6E}"
EndProject
Project("{FAE04EC0-301F-11D3-BF4B-00C04F79EFBC}") = "PubSub.Publish.Extensions.Microsoft.DependencyInjection", "src\PubSub.Publish.Extensions.Microsoft.DependencyInjection\PubSub.Publish.Extensions.Microsoft.DependencyInjection.csproj", "{6D89B729-5919-4D4A-99DA-ECD736576925}"
EndProject
Project("{FAE04EC0-301F-11D3-BF4B-00C04F79EFBC}") = "PubSub.Subscribe", "src\PubSub.Subscribe\PubSub.Subscribe.csproj", "{D398DF7F-6051-45AF-BDFB-645413CE223B}"
EndProject
Project("{FAE04EC0-301F-11D3-BF4B-00C04F79EFBC}") = "PubSub.Subscribe.Extensions.Microsoft.DependencyInjection", "src\PubSub.Subscribe.Extensions.Microsoft.DependencyInjection\PubSub.Subscribe.Extensions.Microsoft.DependencyInjection.csproj", "{00D2FC75-CF4A-4DE8-A500-9C86A65C97CE}"
EndProject
Project("{FAE04EC0-301F-11D3-BF4B-00C04F79EFBC}") = "PubSub.Common", "src\PubSub.Common\PubSub.Common.csproj", "{576C9E1D-5A12-49CA-9EE8-7845FD302908}"
EndProject
Project("{FAE04EC0-301F-11D3-BF4B-00C04F79EFBC}") = "Samples.Publisher", "samples\Samples.Publisher\Samples.Publisher.csproj", "{C28F5B27-79DB-45DF-A575-831BAE49F6DB}"
EndProject
Project("{FAE04EC0-301F-11D3-BF4B-00C04F79EFBC}") = "Samples.PublisherAndSubscriber", "samples\Samples.PublisherAndSubscriber\Samples.PublisherAndSubscriber.csproj", "{400DE9CC-95BE-47FC-8BDF-A3EB33A3BD7C}"
EndProject
Project("{2150E333-8FDC-42A3-9474-1A3956D46DE8}") = ".github", ".github", "{FEFD2539-C3E7-4D0C-AAA6-B90344D4770D}"
	ProjectSection(SolutionItems) = preProject
		.github\workflows\publish.yml = .github\workflows\publish.yml
	EndProjectSection
EndProject
Global
	GlobalSection(SolutionConfigurationPlatforms) = preSolution
		Debug|Any CPU = Debug|Any CPU
		Release|Any CPU = Release|Any CPU
	EndGlobalSection
	GlobalSection(SolutionProperties) = preSolution
		HideSolutionNode = FALSE
	EndGlobalSection
	GlobalSection(ProjectConfigurationPlatforms) = postSolution
		{3D442186-010F-4FE9-AABA-5A2B293BF487}.Debug|Any CPU.ActiveCfg = Debug|Any CPU
		{3D442186-010F-4FE9-AABA-5A2B293BF487}.Debug|Any CPU.Build.0 = Debug|Any CPU
		{3D442186-010F-4FE9-AABA-5A2B293BF487}.Release|Any CPU.ActiveCfg = Release|Any CPU
		{3D442186-010F-4FE9-AABA-5A2B293BF487}.Release|Any CPU.Build.0 = Release|Any CPU
		{D44E7A09-ACC4-47C5-A491-EFBFA4E111FA}.Debug|Any CPU.ActiveCfg = Debug|Any CPU
		{D44E7A09-ACC4-47C5-A491-EFBFA4E111FA}.Debug|Any CPU.Build.0 = Debug|Any CPU
		{D44E7A09-ACC4-47C5-A491-EFBFA4E111FA}.Release|Any CPU.ActiveCfg = Release|Any CPU
		{D44E7A09-ACC4-47C5-A491-EFBFA4E111FA}.Release|Any CPU.Build.0 = Release|Any CPU
		{4F60B4C1-8A2F-4E9E-82A1-3ABDC06AA1AC}.Debug|Any CPU.ActiveCfg = Debug|Any CPU
		{4F60B4C1-8A2F-4E9E-82A1-3ABDC06AA1AC}.Debug|Any CPU.Build.0 = Debug|Any CPU
		{4F60B4C1-8A2F-4E9E-82A1-3ABDC06AA1AC}.Release|Any CPU.ActiveCfg = Release|Any CPU
		{4F60B4C1-8A2F-4E9E-82A1-3ABDC06AA1AC}.Release|Any CPU.Build.0 = Release|Any CPU
		{5E672BB5-0353-491F-B39A-08AD5CE91F6E}.Debug|Any CPU.ActiveCfg = Debug|Any CPU
		{5E672BB5-0353-491F-B39A-08AD5CE91F6E}.Debug|Any CPU.Build.0 = Debug|Any CPU
		{5E672BB5-0353-491F-B39A-08AD5CE91F6E}.Release|Any CPU.ActiveCfg = Release|Any CPU
		{5E672BB5-0353-491F-B39A-08AD5CE91F6E}.Release|Any CPU.Build.0 = Release|Any CPU
		{6D89B729-5919-4D4A-99DA-ECD736576925}.Debug|Any CPU.ActiveCfg = Debug|Any CPU
		{6D89B729-5919-4D4A-99DA-ECD736576925}.Debug|Any CPU.Build.0 = Debug|Any CPU
		{6D89B729-5919-4D4A-99DA-ECD736576925}.Release|Any CPU.ActiveCfg = Release|Any CPU
		{6D89B729-5919-4D4A-99DA-ECD736576925}.Release|Any CPU.Build.0 = Release|Any CPU
		{D398DF7F-6051-45AF-BDFB-645413CE223B}.Debug|Any CPU.ActiveCfg = Debug|Any CPU
		{D398DF7F-6051-45AF-BDFB-645413CE223B}.Debug|Any CPU.Build.0 = Debug|Any CPU
		{D398DF7F-6051-45AF-BDFB-645413CE223B}.Release|Any CPU.ActiveCfg = Release|Any CPU
		{D398DF7F-6051-45AF-BDFB-645413CE223B}.Release|Any CPU.Build.0 = Release|Any CPU
		{00D2FC75-CF4A-4DE8-A500-9C86A65C97CE}.Debug|Any CPU.ActiveCfg = Debug|Any CPU
		{00D2FC75-CF4A-4DE8-A500-9C86A65C97CE}.Debug|Any CPU.Build.0 = Debug|Any CPU
		{00D2FC75-CF4A-4DE8-A500-9C86A65C97CE}.Release|Any CPU.ActiveCfg = Release|Any CPU
		{00D2FC75-CF4A-4DE8-A500-9C86A65C97CE}.Release|Any CPU.Build.0 = Release|Any CPU
		{576C9E1D-5A12-49CA-9EE8-7845FD302908}.Debug|Any CPU.ActiveCfg = Debug|Any CPU
		{576C9E1D-5A12-49CA-9EE8-7845FD302908}.Debug|Any CPU.Build.0 = Debug|Any CPU
		{576C9E1D-5A12-49CA-9EE8-7845FD302908}.Release|Any CPU.ActiveCfg = Release|Any CPU
		{576C9E1D-5A12-49CA-9EE8-7845FD302908}.Release|Any CPU.Build.0 = Release|Any CPU
		{C28F5B27-79DB-45DF-A575-831BAE49F6DB}.Debug|Any CPU.ActiveCfg = Debug|Any CPU
		{C28F5B27-79DB-45DF-A575-831BAE49F6DB}.Debug|Any CPU.Build.0 = Debug|Any CPU
		{C28F5B27-79DB-45DF-A575-831BAE49F6DB}.Release|Any CPU.ActiveCfg = Release|Any CPU
		{C28F5B27-79DB-45DF-A575-831BAE49F6DB}.Release|Any CPU.Build.0 = Release|Any CPU
		{400DE9CC-95BE-47FC-8BDF-A3EB33A3BD7C}.Debug|Any CPU.ActiveCfg = Debug|Any CPU
		{400DE9CC-95BE-47FC-8BDF-A3EB33A3BD7C}.Debug|Any CPU.Build.0 = Debug|Any CPU
		{400DE9CC-95BE-47FC-8BDF-A3EB33A3BD7C}.Release|Any CPU.ActiveCfg = Release|Any CPU
		{400DE9CC-95BE-47FC-8BDF-A3EB33A3BD7C}.Release|Any CPU.Build.0 = Release|Any CPU
	EndGlobalSection
	GlobalSection(NestedProjects) = preSolution
		{3D442186-010F-4FE9-AABA-5A2B293BF487} = {DDCC285D-C7D2-4CF2-A744-5C36338A7871}
		{D44E7A09-ACC4-47C5-A491-EFBFA4E111FA} = {2E01A98B-DEC7-47DF-9515-C81BC123326D}
		{4F60B4C1-8A2F-4E9E-82A1-3ABDC06AA1AC} = {2E01A98B-DEC7-47DF-9515-C81BC123326D}
		{5E672BB5-0353-491F-B39A-08AD5CE91F6E} = {1B1DDC02-4AA7-4D6C-9A75-EA407B7C908A}
		{6D89B729-5919-4D4A-99DA-ECD736576925} = {1B1DDC02-4AA7-4D6C-9A75-EA407B7C908A}
		{D398DF7F-6051-45AF-BDFB-645413CE223B} = {1B1DDC02-4AA7-4D6C-9A75-EA407B7C908A}
		{00D2FC75-CF4A-4DE8-A500-9C86A65C97CE} = {1B1DDC02-4AA7-4D6C-9A75-EA407B7C908A}
		{576C9E1D-5A12-49CA-9EE8-7845FD302908} = {1B1DDC02-4AA7-4D6C-9A75-EA407B7C908A}
		{C28F5B27-79DB-45DF-A575-831BAE49F6DB} = {2E01A98B-DEC7-47DF-9515-C81BC123326D}
		{400DE9CC-95BE-47FC-8BDF-A3EB33A3BD7C} = {2E01A98B-DEC7-47DF-9515-C81BC123326D}
	EndGlobalSection
EndGlobal
